
Microsoft Visual Studio Solution File, Format Version 12.00
# Visual Studio Version 17
VisualStudioVersion = 17.13.35825.156 d17.13
MinimumVisualStudioVersion = 10.0.40219.1
Project("{FAE04EC0-301F-11D3-BF4B-00C04F79EFBC}") = "Ser", "Ser\Ser.csproj", "{DD4DE247-D8DB-46CF-8684-288BE3170EC4}"
EndProject
Project("{FAE04EC0-301F-11D3-BF4B-00C04F79EFBC}") = "Cli", "Cli\Cli.csproj", "{31762730-FEF1-4B59-88D3-581A27E9CC04}"
EndProject
Global
	GlobalSection(SolutionConfigurationPlatforms) = preSolution
		Debug|Any CPU = Debug|Any CPU
		Release|Any CPU = Release|Any CPU
	EndGlobalSection
	GlobalSection(ProjectConfigurationPlatforms) = postSolution
		{DD4DE247-D8DB-46CF-8684-288BE3170EC4}.Debug|Any CPU.ActiveCfg = Debug|Any CPU
		{DD4DE247-D8DB-46CF-8684-288BE3170EC4}.Debug|Any CPU.Build.0 = Debug|Any CPU
		{DD4DE247-D8DB-46CF-8684-288BE3170EC4}.Release|Any CPU.ActiveCfg = Release|Any CPU
		{DD4DE247-D8DB-46CF-8684-288BE3170EC4}.Release|Any CPU.Build.0 = Release|Any CPU
		{31762730-FEF1-4B59-88D3-581A27E9CC04}.Debug|Any CPU.ActiveCfg = Debug|Any CPU
		{31762730-FEF1-4B59-88D3-581A27E9CC04}.Debug|Any CPU.Build.0 = Debug|Any CPU
		{31762730-FEF1-4B59-88D3-581A27E9CC04}.Release|Any CPU.ActiveCfg = Release|Any CPU
		{31762730-FEF1-4B59-88D3-581A27E9CC04}.Release|Any CPU.Build.0 = Release|Any CPU
	EndGlobalSection
	GlobalSection(SolutionProperties) = preSolution
		HideSolutionNode = FALSE
	EndGlobalSection
	GlobalSection(ExtensibilityGlobals) = postSolution
		SolutionGuid = {82753BC8-CC3D-4FE2-827D-DA70F55DE78F}
	EndGlobalSection
EndGlobal
